// !$*UTF8*$!
{
	archiveVersion = 1;
	classes = {
	};
	objectVersion = 46;
	objects = {

/* Begin PBXBuildFile section */
		21D4F431EBEBE526D368A733 /* Pods_NewsReader.framework in Frameworks */ = {isa = PBXBuildFile; fileRef = 9D735D3A42D81C611E67D028 /* Pods_NewsReader.framework */; };
		843A4E361E62069000CBA2EC /* WebViewController.swift in Sources */ = {isa = PBXBuildFile; fileRef = 843A4E351E62069000CBA2EC /* WebViewController.swift */; };
		84DA71C31E5F35F500EB79AB /* AppDelegate.swift in Sources */ = {isa = PBXBuildFile; fileRef = 84DA71C21E5F35F500EB79AB /* AppDelegate.swift */; };
		84DA71C51E5F35F500EB79AB /* ViewController.swift in Sources */ = {isa = PBXBuildFile; fileRef = 84DA71C41E5F35F500EB79AB /* ViewController.swift */; };
		84DA71C81E5F35F500EB79AB /* Main.storyboard in Resources */ = {isa = PBXBuildFile; fileRef = 84DA71C61E5F35F500EB79AB /* Main.storyboard */; };
		84DA71CA1E5F35F500EB79AB /* Assets.xcassets in Resources */ = {isa = PBXBuildFile; fileRef = 84DA71C91E5F35F500EB79AB /* Assets.xcassets */; };
		84DA71CD1E5F35F500EB79AB /* LaunchScreen.storyboard in Resources */ = {isa = PBXBuildFile; fileRef = 84DA71CB1E5F35F500EB79AB /* LaunchScreen.storyboard */; };
		84DA71D51E5F421E00EB79AB /* ArticleTableViewCell.swift in Sources */ = {isa = PBXBuildFile; fileRef = 84DA71D41E5F421E00EB79AB /* ArticleTableViewCell.swift */; };
		84DA71D71E5F431F00EB79AB /* Article.swift in Sources */ = {isa = PBXBuildFile; fileRef = 84DA71D61E5F431F00EB79AB /* Article.swift */; };
		84DA71D91E5F535700EB79AB /* Networking Client.swift in Sources */ = {isa = PBXBuildFile; fileRef = 84DA71D81E5F535700EB79AB /* Networking Client.swift */; };
		84DA71DB1E5F650700EB79AB /* Alamofire.framework in Frameworks */ = {isa = PBXBuildFile; fileRef = 84DA71DA1E5F650700EB79AB /* Alamofire.framework */; };
/* End PBXBuildFile section */

/* Begin PBXFileReference section */
		2AD9275E6F990BD35652A3F4 /* Pods-NewsReader.debug.xcconfig */ = {isa = PBXFileReference; includeInIndex = 1; lastKnownFileType = text.xcconfig; name = "Pods-NewsReader.debug.xcconfig"; path = "Pods/Target Support Files/Pods-NewsReader/Pods-NewsReader.debug.xcconfig"; sourceTree = "<group>"; };
		843A4E351E62069000CBA2EC /* WebViewController.swift */ = {isa = PBXFileReference; fileEncoding = 4; lastKnownFileType = sourcecode.swift; path = WebViewController.swift; sourceTree = "<group>"; };
		84DA71BF1E5F35F500EB79AB /* NewsReader.app */ = {isa = PBXFileReference; explicitFileType = wrapper.application; includeInIndex = 0; path = NewsReader.app; sourceTree = BUILT_PRODUCTS_DIR; };
		84DA71C21E5F35F500EB79AB /* AppDelegate.swift */ = {isa = PBXFileReference; lastKnownFileType = sourcecode.swift; path = AppDelegate.swift; sourceTree = "<group>"; };
		84DA71C41E5F35F500EB79AB /* ViewController.swift */ = {isa = PBXFileReference; lastKnownFileType = sourcecode.swift; path = ViewController.swift; sourceTree = "<group>"; };
		84DA71C71E5F35F500EB79AB /* Base */ = {isa = PBXFileReference; lastKnownFileType = file.storyboard; name = Base; path = Base.lproj/Main.storyboard; sourceTree = "<group>"; };
		84DA71C91E5F35F500EB79AB /* Assets.xcassets */ = {isa = PBXFileReference; lastKnownFileType = folder.assetcatalog; path = Assets.xcassets; sourceTree = "<group>"; };
		84DA71CC1E5F35F500EB79AB /* Base */ = {isa = PBXFileReference; lastKnownFileType = file.storyboard; name = Base; path = Base.lproj/LaunchScreen.storyboard; sourceTree = "<group>"; };
		84DA71CE1E5F35F500EB79AB /* Info.plist */ = {isa = PBXFileReference; lastKnownFileType = text.plist.xml; path = Info.plist; sourceTree = "<group>"; };
		84DA71D41E5F421E00EB79AB /* ArticleTableViewCell.swift */ = {isa = PBXFileReference; fileEncoding = 4; lastKnownFileType = sourcecode.swift; path = ArticleTableViewCell.swift; sourceTree = "<group>"; };
		84DA71D61E5F431F00EB79AB /* Article.swift */ = {isa = PBXFileReference; fileEncoding = 4; lastKnownFileType = sourcecode.swift; path = Article.swift; sourceTree = "<group>"; };
		84DA71D81E5F535700EB79AB /* Networking Client.swift */ = {isa = PBXFileReference; fileEncoding = 4; lastKnownFileType = sourcecode.swift; path = "Networking Client.swift"; sourceTree = "<group>"; };
		84DA71DA1E5F650700EB79AB /* Alamofire.framework */ = {isa = PBXFileReference; lastKnownFileType = wrapper.framework; name = Alamofire.framework; path = "../../../Library/Developer/Xcode/DerivedData/NewsReader-asmixcpxtzfcglbfbdggrdzrvkgn/Build/Products/Debug-iphonesimulator/Alamofire/Alamofire.framework"; sourceTree = "<group>"; };
		9D735D3A42D81C611E67D028 /* Pods_NewsReader.framework */ = {isa = PBXFileReference; explicitFileType = wrapper.framework; includeInIndex = 0; path = Pods_NewsReader.framework; sourceTree = BUILT_PRODUCTS_DIR; };
		B7F05BC5BC209CD7ED44B7F5 /* Pods-NewsReader.release.xcconfig */ = {isa = PBXFileReference; includeInIndex = 1; lastKnownFileType = text.xcconfig; name = "Pods-NewsReader.release.xcconfig"; path = "Pods/Target Support Files/Pods-NewsReader/Pods-NewsReader.release.xcconfig"; sourceTree = "<group>"; };
/* End PBXFileReference section */

/* Begin PBXFrameworksBuildPhase section */
		84DA71BC1E5F35F500EB79AB /* Frameworks */ = {
			isa = PBXFrameworksBuildPhase;
			buildActionMask = 2147483647;
			files = (
				84DA71DB1E5F650700EB79AB /* Alamofire.framework in Frameworks */,
				21D4F431EBEBE526D368A733 /* Pods_NewsReader.framework in Frameworks */,
			);
			runOnlyForDeploymentPostprocessing = 0;
		};
/* End PBXFrameworksBuildPhase section */

/* Begin PBXGroup section */
		4E830FECA83599BD0978A734 /* Pods */ = {
			isa = PBXGroup;
			children = (
				2AD9275E6F990BD35652A3F4 /* Pods-NewsReader.debug.xcconfig */,
				B7F05BC5BC209CD7ED44B7F5 /* Pods-NewsReader.release.xcconfig */,
			);
			name = Pods;
			sourceTree = "<group>";
		};
		7B04216651BD5CD3C541895A /* Frameworks */ = {
			isa = PBXGroup;
			children = (
				84DA71DA1E5F650700EB79AB /* Alamofire.framework */,
				9D735D3A42D81C611E67D028 /* Pods_NewsReader.framework */,
			);
			name = Frameworks;
			sourceTree = "<group>";
		};
		84DA71B61E5F35F500EB79AB = {
			isa = PBXGroup;
			children = (
				84DA71C11E5F35F500EB79AB /* NewsReader */,
				84DA71C01E5F35F500EB79AB /* Products */,
				4E830FECA83599BD0978A734 /* Pods */,
				7B04216651BD5CD3C541895A /* Frameworks */,
			);
			sourceTree = "<group>";
		};
		84DA71C01E5F35F500EB79AB /* Products */ = {
			isa = PBXGroup;
			children = (
				84DA71BF1E5F35F500EB79AB /* NewsReader.app */,
			);
			name = Products;
			sourceTree = "<group>";
		};
		84DA71C11E5F35F500EB79AB /* NewsReader */ = {
			isa = PBXGroup;
			children = (
				84DA71C21E5F35F500EB79AB /* AppDelegate.swift */,
				84DA71C41E5F35F500EB79AB /* ViewController.swift */,
				843A4E351E62069000CBA2EC /* WebViewController.swift */,
				84DA71C61E5F35F500EB79AB /* Main.storyboard */,
				84DA71D81E5F535700EB79AB /* Networking Client.swift */,
				84DA71D61E5F431F00EB79AB /* Article.swift */,
				84DA71D41E5F421E00EB79AB /* ArticleTableViewCell.swift */,
				84DA71C91E5F35F500EB79AB /* Assets.xcassets */,
				84DA71CB1E5F35F500EB79AB /* LaunchScreen.storyboard */,
				84DA71CE1E5F35F500EB79AB /* Info.plist */,
			);
			path = NewsReader;
			sourceTree = "<group>";
		};
/* End PBXGroup section */

/* Begin PBXNativeTarget section */
		84DA71BE1E5F35F500EB79AB /* NewsReader */ = {
			isa = PBXNativeTarget;
			buildConfigurationList = 84DA71D11E5F35F500EB79AB /* Build configuration list for PBXNativeTarget "NewsReader" */;
			buildPhases = (
				04B6AB0FC1660BBAED2C090D /* [CP] Check Pods Manifest.lock */,
				84DA71BB1E5F35F500EB79AB /* Sources */,
				84DA71BC1E5F35F500EB79AB /* Frameworks */,
				84DA71BD1E5F35F500EB79AB /* Resources */,
				C0283216D9B90749FE14D24D /* [CP] Embed Pods Frameworks */,
				C920D60186CE416AF423F9A7 /* [CP] Copy Pods Resources */,
			);
			buildRules = (
			);
			dependencies = (
			);
			name = NewsReader;
			productName = NewsReader;
			productReference = 84DA71BF1E5F35F500EB79AB /* NewsReader.app */;
			productType = "com.apple.product-type.application";
		};
/* End PBXNativeTarget section */

/* Begin PBXProject section */
		84DA71B71E5F35F500EB79AB /* Project object */ = {
			isa = PBXProject;
			attributes = {
				LastSwiftUpdateCheck = 0800;
				LastUpgradeCheck = 0800;
				ORGANIZATIONNAME = JPDaines;
				TargetAttributes = {
					84DA71BE1E5F35F500EB79AB = {
						CreatedOnToolsVersion = 8.0;
						DevelopmentTeam = XS5FRJH7AZ;
						ProvisioningStyle = Automatic;
					};
				};
			};
			buildConfigurationList = 84DA71BA1E5F35F500EB79AB /* Build configuration list for PBXProject "NewsReader" */;
			compatibilityVersion = "Xcode 3.2";
			developmentRegion = English;
			hasScannedForEncodings = 0;
			knownRegions = (
				en,
				Base,
			);
			mainGroup = 84DA71B61E5F35F500EB79AB;
			productRefGroup = 84DA71C01E5F35F500EB79AB /* Products */;
			projectDirPath = "";
			projectRoot = "";
			targets = (
				84DA71BE1E5F35F500EB79AB /* NewsReader */,
			);
		};
/* End PBXProject section */

/* Begin PBXResourcesBuildPhase section */
		84DA71BD1E5F35F500EB79AB /* Resources */ = {
			isa = PBXResourcesBuildPhase;
			buildActionMask = 2147483647;
			files = (
				84DA71CD1E5F35F500EB79AB /* LaunchScreen.storyboard in Resources */,
				84DA71CA1E5F35F500EB79AB /* Assets.xcassets in Resources */,
				84DA71C81E5F35F500EB79AB /* Main.storyboard in Resources */,
			);
			runOnlyForDeploymentPostprocessing = 0;
		};
/* End PBXResourcesBuildPhase section */

/* Begin PBXShellScriptBuildPhase section */
		04B6AB0FC1660BBAED2C090D /* [CP] Check Pods Manifest.lock */ = {
			isa = PBXShellScriptBuildPhase;
			buildActionMask = 2147483647;
			files = (
			);
			inputPaths = (
			);
			name = "[CP] Check Pods Manifest.lock";
			outputPaths = (
			);
			runOnlyForDeploymentPostprocessing = 0;
			shellPath = /bin/sh;
			shellScript = "diff \"${PODS_ROOT}/../Podfile.lock\" \"${PODS_ROOT}/Manifest.lock\" > /dev/null\nif [ $? != 0 ] ; then\n    # print error to STDERR\n    echo \"error: The sandbox is not in sync with the Podfile.lock. Run 'pod install' or update your CocoaPods installation.\" >&2\n    exit 1\nfi\n";
			showEnvVarsInLog = 0;
		};
		C0283216D9B90749FE14D24D /* [CP] Embed Pods Frameworks */ = {
			isa = PBXShellScriptBuildPhase;
			buildActionMask = 2147483647;
			files = (
			);
			inputPaths = (
			);
			name = "[CP] Embed Pods Frameworks";
			outputPaths = (
			);
			runOnlyForDeploymentPostprocessing = 0;
			shellPath = /bin/sh;
			shellScript = "\"${SRCROOT}/Pods/Target Support Files/Pods-NewsReader/Pods-NewsReader-frameworks.sh\"\n";
			showEnvVarsInLog = 0;
		};
		C920D60186CE416AF423F9A7 /* [CP] Copy Pods Resources */ = {
			isa = PBXShellScriptBuildPhase;
			buildActionMask = 2147483647;
			files = (
			);
			inputPaths = (
			);
			name = "[CP] Copy Pods Resources";
			outputPaths = (
			);
			runOnlyForDeploymentPostprocessing = 0;
			shellPath = /bin/sh;
			shellScript = "\"${SRCROOT}/Pods/Target Support Files/Pods-NewsReader/Pods-NewsReader-resources.sh\"\n";
			showEnvVarsInLog = 0;
		};
/* End PBXShellScriptBuildPhase section */

/* Begin PBXSourcesBuildPhase section */
		84DA71BB1E5F35F500EB79AB /* Sources */ = {
			isa = PBXSourcesBuildPhase;
			buildActionMask = 2147483647;
			files = (
				84DA71D91E5F535700EB79AB /* Networking Client.swift in Sources */,
				843A4E361E62069000CBA2EC /* WebViewController.swift in Sources */,
				84DA71D71E5F431F00EB79AB /* Article.swift in Sources */,
				84DA71C51E5F35F500EB79AB /* ViewController.swift in Sources */,
				84DA71D51E5F421E00EB79AB /* ArticleTableViewCell.swift in Sources */,
				84DA71C31E5F35F500EB79AB /* AppDelegate.swift in Sources */,
			);
			runOnlyForDeploymentPostprocessing = 0;
		};
/* End PBXSourcesBuildPhase section */

/* Begin PBXVariantGroup section */
		84DA71C61E5F35F500EB79AB /* Main.storyboard */ = {
			isa = PBXVariantGroup;
			children = (
				84DA71C71E5F35F500EB79AB /* Base */,
			);
			name = Main.storyboard;
			sourceTree = "<group>";
		};
		84DA71CB1E5F35F500EB79AB /* LaunchScreen.storyboard */ = {
			isa = PBXVariantGroup;
			children = (
				84DA71CC1E5F35F500EB79AB /* Base */,
			);
			name = LaunchScreen.storyboard;
			sourceTree = "<group>";
		};
/* End PBXVariantGroup section */

/* Begin XCBuildConfiguration section */
		84DA71CF1E5F35F500EB79AB /* Debug */ = {
			isa = XCBuildConfiguration;
			buildSettings = {
				ALWAYS_SEARCH_USER_PATHS = NO;
				CLANG_ANALYZER_NONNULL = YES;
				CLANG_CXX_LANGUAGE_STANDARD = "gnu++0x";
				CLANG_CXX_LIBRARY = "libc++";
				CLANG_ENABLE_MODULES = YES;
				CLANG_ENABLE_OBJC_ARC = YES;
				CLANG_WARN_BOOL_CONVERSION = YES;
				CLANG_WARN_CONSTANT_CONVERSION = YES;
				CLANG_WARN_DIRECT_OBJC_ISA_USAGE = YES_ERROR;
				CLANG_WARN_DOCUMENTATION_COMMENTS = YES;
				CLANG_WARN_EMPTY_BODY = YES;
				CLANG_WARN_ENUM_CONVERSION = YES;
				CLANG_WARN_INFINITE_RECURSION = YES;
				CLANG_WARN_INT_CONVERSION = YES;
				CLANG_WARN_OBJC_ROOT_CLASS = YES_ERROR;
				CLANG_WARN_SUSPICIOUS_MOVES = YES;
				CLANG_WARN_UNREACHABLE_CODE = YES;
				CLANG_WARN__DUPLICATE_METHOD_MATCH = YES;
				"CODE_SIGN_IDENTITY[sdk=iphoneos*]" = "iPhone Developer";
				COPY_PHASE_STRIP = NO;
				DEBUG_INFORMATION_FORMAT = dwarf;
				ENABLE_STRICT_OBJC_MSGSEND = YES;
				ENABLE_TESTABILITY = YES;
				GCC_C_LANGUAGE_STANDARD = gnu99;
				GCC_DYNAMIC_NO_PIC = NO;
				GCC_NO_COMMON_BLOCKS = YES;
				GCC_OPTIMIZATION_LEVEL = 0;
				GCC_PREPROCESSOR_DEFINITIONS = (
					"DEBUG=1",
					"$(inherited)",
				);
				GCC_WARN_64_TO_32_BIT_CONVERSION = YES;
				GCC_WARN_ABOUT_RETURN_TYPE = YES_ERROR;
				GCC_WARN_UNDECLARED_SELECTOR = YES;
				GCC_WARN_UNINITIALIZED_AUTOS = YES_AGGRESSIVE;
				GCC_WARN_UNUSED_FUNCTION = YES;
				GCC_WARN_UNUSED_VARIABLE = YES;
				IPHONEOS_DEPLOYMENT_TARGET = 10.0;
				MTL_ENABLE_DEBUG_INFO = YES;
				ONLY_ACTIVE_ARCH = YES;
				SDKROOT = iphoneos;
				SWIFT_ACTIVE_COMPILATION_CONDITIONS = DEBUG;
				SWIFT_OPTIMIZATION_LEVEL = "-Onone";
				TARGETED_DEVICE_FAMILY = "1,2";
			};
			name = Debug;
		};
		84DA71D01E5F35F500EB79AB /* Release */ = {
			isa = XCBuildConfiguration;
			buildSettings = {
				ALWAYS_SEARCH_USER_PATHS = NO;
				CLANG_ANALYZER_NONNULL = YES;
				CLANG_CXX_LANGUAGE_STANDARD = "gnu++0x";
				CLANG_CXX_LIBRARY = "libc++";
				CLANG_ENABLE_MODULES = YES;
				CLANG_ENABLE_OBJC_ARC = YES;
				CLANG_WARN_BOOL_CONVERSION = YES;
				CLANG_WARN_CONSTANT_CONVERSION = YES;
				CLANG_WARN_DIRECT_OBJC_ISA_USAGE = YES_ERROR;
				CLANG_WARN_DOCUMENTATION_COMMENTS = YES;
				CLANG_WARN_EMPTY_BODY = YES;
				CLANG_WARN_ENUM_CONVERSION = YES;
				CLANG_WARN_INFINITE_RECURSION = YES;
				CLANG_WARN_INT_CONVERSION = YES;
				CLANG_WARN_OBJC_ROOT_CLASS = YES_ERROR;
				CLANG_WARN_SUSPICIOUS_MOVES = YES;
				CLANG_WARN_UNREACHABLE_CODE = YES;
				CLANG_WARN__DUPLICATE_METHOD_MATCH = YES;
				"CODE_SIGN_IDENTITY[sdk=iphoneos*]" = "iPhone Developer";
				COPY_PHASE_STRIP = NO;
				DEBUG_INFORMATION_FORMAT = "dwarf-with-dsym";
				ENABLE_NS_ASSERTIONS = NO;
				ENABLE_STRICT_OBJC_MSGSEND = YES;
				GCC_C_LANGUAGE_STANDARD = gnu99;
				GCC_NO_COMMON_BLOCKS = YES;
				GCC_WARN_64_TO_32_BIT_CONVERSION = YES;
				GCC_WARN_ABOUT_RETURN_TYPE = YES_ERROR;
				GCC_WARN_UNDECLARED_SELECTOR = YES;
				GCC_WARN_UNINITIALIZED_AUTOS = YES_AGGRESSIVE;
				GCC_WARN_UNUSED_FUNCTION = YES;
				GCC_WARN_UNUSED_VARIABLE = YES;
				IPHONEOS_DEPLOYMENT_TARGET = 10.0;
				MTL_ENABLE_DEBUG_INFO = NO;
				SDKROOT = iphoneos;
				SWIFT_OPTIMIZATION_LEVEL = "-Owholemodule";
				TARGETED_DEVICE_FAMILY = "1,2";
				VALIDATE_PRODUCT = YES;
			};
			name = Release;
		};
		84DA71D21E5F35F500EB79AB /* Debug */ = {
			isa = XCBuildConfiguration;
			baseConfigurationReference = 2AD9275E6F990BD35652A3F4 /* Pods-NewsReader.debug.xcconfig */;
			buildSettings = {
				ASSETCATALOG_COMPILER_APPICON_NAME = AppIcon;
				DEVELOPMENT_TEAM = XS5FRJH7AZ;
				INFOPLIST_FILE = NewsReader/Info.plist;
				LD_RUNPATH_SEARCH_PATHS = "$(inherited) @executable_path/Frameworks";
				PRODUCT_BUNDLE_IDENTIFIER = JPDaines.NewsReader;
				PRODUCT_NAME = "$(TARGET_NAME)";
				SWIFT_VERSION = 3.0;
			};
			name = Debug;
		};
		84DA71D31E5F35F500EB79AB /* Release */ = {
			isa = XCBuildConfiguration;
			baseConfigurationReference = B7F05BC5BC209CD7ED44B7F5 /* Pods-NewsReader.release.xcconfig */;
			buildSettings = {
				ASSETCATALOG_COMPILER_APPICON_NAME = AppIcon;
				DEVELOPMENT_TEAM = XS5FRJH7AZ;
				INFOPLIST_FILE = NewsReader/Info.plist;
				LD_RUNPATH_SEARCH_PATHS = "$(inherited) @executable_path/Frameworks";
				PRODUCT_BUNDLE_IDENTIFIER = JPDaines.NewsReader;
				PRODUCT_NAME = "$(TARGET_NAME)";
				SWIFT_VERSION = 3.0;
			};
			name = Release;
		};
/* End XCBuildConfiguration section */

/* Begin XCConfigurationList section */
		84DA71BA1E5F35F500EB79AB /* Build configuration list for PBXProject "NewsReader" */ = {
			isa = XCConfigurationList;
			buildConfigurations = (
				84DA71CF1E5F35F500EB79AB /* Debug */,
				84DA71D01E5F35F500EB79AB /* Release */,
			);
			defaultConfigurationIsVisible = 0;
			defaultConfigurationName = Release;
		};
		84DA71D11E5F35F500EB79AB /* Build configuration list for PBXNativeTarget "NewsReader" */ = {
			isa = XCConfigurationList;
			buildConfigurations = (
				84DA71D21E5F35F500EB79AB /* Debug */,
				84DA71D31E5F35F500EB79AB /* Release */,
			);
			defaultConfigurationIsVisible = 0;
			defaultConfigurationName = Release;
		};
/* End XCConfigurationList section */
	};
	rootObject = 84DA71B71E5F35F500EB79AB /* Project object */;
}
